
Microsoft Visual Studio Solution File, Format Version 12.00
# Visual Studio Version 17
VisualStudioVersion = 17.9.34728.123
MinimumVisualStudioVersion = 10.0.40219.1
Project("{FAE04EC0-301F-11D3-BF4B-00C04F79EFBC}") = "DominoCell", "DominoCell.csproj", "{B60E8FB2-58EB-472C-B3A4-D9CCC80F2FAD}"
EndProject
Global
	GlobalSection(SolutionConfigurationPlatforms) = preSolution
		Debug|Any CPU = Debug|Any CPU
		Release|Any CPU = Release|Any CPU
	EndGlobalSection
	GlobalSection(ProjectConfigurationPlatforms) = postSolution
		{B60E8FB2-58EB-472C-B3A4-D9CCC80F2FAD}.Debug|Any CPU.ActiveCfg = Debug|Any CPU
		{B60E8FB2-58EB-472C-B3A4-D9CCC80F2FAD}.Debug|Any CPU.Build.0 = Debug|Any CPU
		{B60E8FB2-58EB-472C-B3A4-D9CCC80F2FAD}.Release|Any CPU.ActiveCfg = Release|Any CPU
		{B60E8FB2-58EB-472C-B3A4-D9CCC80F2FAD}.Release|Any CPU.Build.0 = Release|Any CPU
	EndGlobalSection
	GlobalSection(SolutionProperties) = preSolution
		HideSolutionNode = FALSE
	EndGlobalSection
	GlobalSection(ExtensibilityGlobals) = postSolution
		SolutionGuid = {F8C8BE75-77DD-42F4-A4C8-D39F05CB3547}
	EndGlobalSection
EndGlobal
